{
  "name": "afisha",
  "lockfileVersion": 3,
  "requires": true,
  "packages": {
    "": {
      "dependencies": {
        "ion-rangeslider": "^2.3.1",
        "jquery": "^3.6.4"
      }
    },
    "node_modules/ion-rangeslider": {
      "version": "2.3.1",
      "resolved": "https://registry.npmjs.org/ion-rangeslider/-/ion-rangeslider-2.3.1.tgz",
      "integrity": "sha512-6V+24FD13/feliI485gnRHZYD9Ev64M5NAFTxnVib516ATHa9PlXQrC+nOiPngouRYTCLPJyokAJEi3e1Umi5g==",
      "peerDependencies": {
        "jquery": ">=1.8"
      }
    },
    "node_modules/jquery": {
      "version": "3.6.4",
      "resolved": "https://registry.npmjs.org/jquery/-/jquery-3.6.4.tgz",
      "integrity": "sha512-v28EW9DWDFpzcD9O5iyJXg3R3+q+mET5JhnjJzQUZMHOv67bpSIHq81GEYpPNZHG+XXHsfSme3nxp/hndKEcsQ=="
    }
  }
}
